# This file is automatically @generated by Cargo.
# It is not intended for manual editing.
version = 4

[[package]]
name = "heck"
version = "0.5.0"
source = "registry+https://github.com/rust-lang/crates.io-index"
checksum = "2304e00983f87ffb38b55b444b5e3b60a884b5d30c0fca7d82fe33449bbe55ea"

[[package]]
name = "os_str_bytes"
version = "7.1.1"
source = "registry+https://github.com/rust-lang/crates.io-index"
checksum = "63eceb7b5d757011a87d08eb2123db15d87fb0c281f65d101ce30a1e96c3ad5c"

[[package]]
name = "palc"
version = "0.0.1"
source = "registry+https://github.com/rust-lang/crates.io-index"
checksum = "42766a89de3dda844299845bbdac37fcfc50e3fb14557be4f8c8ceb54bdceb6a"
dependencies = [
 "os_str_bytes",
 "palc-derive",
 "ref-cast",
]

[[package]]
name = "palc-derive"
version = "0.0.1"
source = "registry+https://github.com/rust-lang/crates.io-index"
checksum = "204d235b8dffce6ea58c4df57a1ceb1ddf4c366fc4daac40a39aed52385ab8a9"
dependencies = [
 "heck",
 "proc-macro2",
 "quote",
 "syn",
]

[[package]]
name = "proc-macro2"
version = "1.0.97"
source = "registry+https://github.com/rust-lang/crates.io-index"
checksum = "d61789d7719defeb74ea5fe81f2fdfdbd28a803847077cecce2ff14e1472f6f1"
dependencies = [
 "unicode-ident",
]

[[package]]
name = "quote"
version = "1.0.40"
source = "registry+https://github.com/rust-lang/crates.io-index"
checksum = "1885c039570dc00dcb4ff087a89e185fd56bae234ddc7f056a945bf36467248d"
dependencies = [
 "proc-macro2",
]

[[package]]
name = "rapidhash"
version = "3.1.0"
source = "registry+https://github.com/rust-lang/crates.io-index"
checksum = "efee4b7317469c6c6e7fdeee3d094313af846a97678d6ed971d83a852d730083"

[[package]]
name = "ref-cast"
version = "1.0.24"
source = "registry+https://github.com/rust-lang/crates.io-index"
checksum = "4a0ae411dbe946a674d89546582cea4ba2bb8defac896622d6496f14c23ba5cf"
dependencies = [
 "ref-cast-impl",
]

[[package]]
name = "ref-cast-impl"
version = "1.0.24"
source = "registry+https://github.com/rust-lang/crates.io-index"
checksum = "1165225c21bff1f3bbce98f5a1f889949bc902d3575308cc7b0de30b4f6d27c7"
dependencies = [
 "proc-macro2",
 "quote",
 "syn",
]

[[package]]
name = "res-dedup-hardlink"
version = "0.1.0"
dependencies = [
 "palc",
 "rapidhash",
]

[[package]]
name = "syn"
version = "2.0.104"
source = "registry+https://github.com/rust-lang/crates.io-index"
checksum = "17b6f705963418cdb9927482fa304bc562ece2fdd4f616084c50b7023b435a40"
dependencies = [
 "proc-macro2",
 "quote",
 "unicode-ident",
]

[[package]]
name = "unicode-ident"
version = "1.0.18"
source = "registry+https://github.com/rust-lang/crates.io-index"
checksum = "5a5f39404a5da50712a4c1eecf25e90dd62b613502b7e925fd4e4d19b5c96512"
